# THIS IS AN AUTOGENERATED FILE. DO NOT EDIT THIS FILE DIRECTLY.
# yarn lockfile v1


balanced-match@^1.0.0:
  version "1.0.2"
  resolved "https://registry.yarnpkg.com/balanced-match/-/balanced-match-1.0.2.tgz#e83e3a7e3f300b34cb9d87f615fa0cbf357690ee"
  integrity sha512-3oSeUO0TMV67hN1AmbXsK4yaqU7tjiHlbxRDZOpH0KW9+CeX4bRAaX0Anxt0tx2MrpRpWwQaPwIlISEJhYU5Pw==

brace-expansion@^1.1.7:
  version "1.1.11"
  resolved "https://registry.yarnpkg.com/brace-expansion/-/brace-expansion-1.1.11.tgz#3c7fcbf529d87226f3d2f52b966ff5271eb441dd"
  integrity sha512-iCuPHDFgrHX7H2vEI/5xpz07zSHB00TpugqhmYtVmMO6518mCuRMoOYFldEBl0g187ufozdaHgWKcYFb61qGiA==
  dependencies:
    balanced-match "^1.0.0"
    concat-map "0.0.1"

concat-map@0.0.1:
  version "0.0.1"
  resolved "https://registry.yarnpkg.com/concat-map/-/concat-map-0.0.1.tgz#d8a96bd77fd68df7793a73036a3ba0d5405d477b"
  integrity sha512-/Srv4dswyQNBfohGpz9o6Yb3Gz3SrUDqBH5rTuhGR7ahtlbYKnVxw2bCFMRljaA7EXHaXZ8wsHdodFvbkhKmqg==

has@^1.0.3:
  version "1.0.4"
  resolved "https://registry.yarnpkg.com/has/-/has-1.0.4.tgz#2eb2860e000011dae4f1406a86fe80e530fb2ec6"
  integrity sha512-qdSAmqLF6209RFj4VVItywPMbm3vWylknmB3nvNiUIs72xAimcM8nVYxYr7ncvZq5qzk9MKIZR8ijqD/1QuYjQ==

is-core-module@^2.13.0:
  version "2.13.0"
  resolved "https://registry.yarnpkg.com/is-core-module/-/is-core-module-2.13.0.tgz#bb52aa6e2cbd49a30c2ba68c42bf3435ba6072db"
  integrity sha512-Z7dk6Qo8pOCp3l4tsX2C5ZVas4V+UxwQodwZhLopL91TX8UyyHEXafPcyoeeWuLrwzHcr3igO78wNLwHJHsMCQ==
  dependencies:
    has "^1.0.3"

minimatch@^3.0.4:
  version "3.1.2"
  resolved "https://registry.yarnpkg.com/minimatch/-/minimatch-3.1.2.tgz#19cd194bfd3e428f049a70817c038d89ab4be35b"
  integrity sha512-J7p63hRiAjw1NDEww1W7i37+ByIrOWO5XQQAzZ3VOcL0PNybwpfmV/N05zFAzwQ9USyEcX6t3UO+K5aqBQOIHw==
  dependencies:
    brace-expansion "^1.1.7"

path-parse@^1.0.7:
  version "1.0.7"
  resolved "https://registry.yarnpkg.com/path-parse/-/path-parse-1.0.7.tgz#fbc114b60ca42b30d9daf5858e4bd68bbedb6735"
  integrity sha512-LDJzPVEEEPR+y48z93A0Ed0yXb8pAByGWo/k5YYdYgpY2/2EsOsksJrq7lOHxryrVOn1ejG6oAp8ahvOIQD8sw==

resolve@>=1.9.0:
  version "1.22.6"
  resolved "https://registry.yarnpkg.com/resolve/-/resolve-1.22.6.tgz#dd209739eca3aef739c626fea1b4f3c506195362"
  integrity sha512-njhxM7mV12JfufShqGy3Rz8j11RPdLy4xi15UurGJeoHLfJpVXKdh3ueuOqbYUcDZnffr6X739JBo5LzyahEsw==
  dependencies:
    is-core-module "^2.13.0"
    path-parse "^1.0.7"
    supports-preserve-symlinks-flag "^1.0.0"

supports-preserve-symlinks-flag@^1.0.0:
  version "1.0.0"
  resolved "https://registry.yarnpkg.com/supports-preserve-symlinks-flag/-/supports-preserve-symlinks-flag-1.0.0.tgz#6eda4bd344a3c94aea376d4cc31bc77311039e09"
  integrity sha512-ot0WnXS9fgdkgIcePe6RHNk1WA8+muPa6cSjeR3V8K27q9BB1rTE3R1p7Hv0z1ZyAc8s6Vvv8DIyWf681MAt0w==

ttypescript@^1.5.15:
  version "1.5.15"
  resolved "https://registry.yarnpkg.com/ttypescript/-/ttypescript-1.5.15.tgz#e45550ad69289d06d3bc3fd4a3c87e7c1ef3eba7"
  integrity sha512-48ykDNHzFnPMnv4hYX1P8Q84TvCZyL1QlFxeuxsuZ48X2+ameBgPenvmCkHJtoOSxpoWTWi8NcgNrRnVDOmfSg==
  dependencies:
    resolve ">=1.9.0"

typescript-transform-paths@^3.4.6:
  version "3.4.6"
  resolved "https://registry.yarnpkg.com/typescript-transform-paths/-/typescript-transform-paths-3.4.6.tgz#28e6b24eb17a34116484a4b7af7323b8bb756db6"
  integrity sha512-qdgpCk9oRHkIBhznxaHAapCFapJt5e4FbFik7Y4qdqtp6VyC3smAIPoDEIkjZ2eiF7x5+QxUPYNwJAtw0thsTw==
  dependencies:
    minimatch "^3.0.4"
